// !$*UTF8*$!
{
	archiveVersion = 1;
	classes = {
	};
	objectVersion = 55;
	objects = {

/* Begin PBXBuildFile section */
		EBADC4C3285A028300D99984 /* swiftui_testApp.swift in Sources */ = {isa = PBXBuildFile; fileRef = EBADC4C2285A028300D99984 /* swiftui_testApp.swift */; };
		EBADC4C5285A028300D99984 /* Content.swift in Sources */ = {isa = PBXBuildFile; fileRef = EBADC4C4285A028300D99984 /* Content.swift */; };
		EBADC4C7285A028500D99984 /* Assets.xcassets in Resources */ = {isa = PBXBuildFile; fileRef = EBADC4C6285A028500D99984 /* Assets.xcassets */; };
		EBADC4CA285A028500D99984 /* Preview Assets.xcassets in Resources */ = {isa = PBXBuildFile; fileRef = EBADC4C9285A028500D99984 /* Preview Assets.xcassets */; };
		EBADC4D4285A028600D99984 /* swiftui_testTests.swift in Sources */ = {isa = PBXBuildFile; fileRef = EBADC4D3285A028600D99984 /* swiftui_testTests.swift */; };
		EBADC4DE285A028600D99984 /* swiftui_testUITests.swift in Sources */ = {isa = PBXBuildFile; fileRef = EBADC4DD285A028600D99984 /* swiftui_testUITests.swift */; };
		EBADC4E0285A028600D99984 /* swiftui_testUITestsLaunchTests.swift in Sources */ = {isa = PBXBuildFile; fileRef = EBADC4DF285A028600D99984 /* swiftui_testUITestsLaunchTests.swift */; };
		EBADC4EF285A0B4B00D99984 /* Card.swift in Sources */ = {isa = PBXBuildFile; fileRef = EBADC4EE285A0B4B00D99984 /* Card.swift */; };
		EBADC4F3285A0C3A00D99984 /* Mirror.swift in Sources */ = {isa = PBXBuildFile; fileRef = EBADC4F2285A0C3A00D99984 /* Mirror.swift */; };
		EBADC4F7285A0F3300D99984 /* Entry.swift in Sources */ = {isa = PBXBuildFile; fileRef = EBADC4F6285A0F3300D99984 /* Entry.swift */; };
/* End PBXBuildFile section */

/* Begin PBXContainerItemProxy section */
		EBADC4D0285A028600D99984 /* PBXContainerItemProxy */ = {
			isa = PBXContainerItemProxy;
			containerPortal = EBADC4B7285A028300D99984 /* Project object */;
			proxyType = 1;
			remoteGlobalIDString = EBADC4BE285A028300D99984;
			remoteInfo = "swiftui-test";
		};
		EBADC4DA285A028600D99984 /* PBXContainerItemProxy */ = {
			isa = PBXContainerItemProxy;
			containerPortal = EBADC4B7285A028300D99984 /* Project object */;
			proxyType = 1;
			remoteGlobalIDString = EBADC4BE285A028300D99984;
			remoteInfo = "swiftui-test";
		};
/* End PBXContainerItemProxy section */

/* Begin PBXFileReference section */
		EBADC4BF285A028300D99984 /* swiftui-test.app */ = {isa = PBXFileReference; explicitFileType = wrapper.application; includeInIndex = 0; path = "swiftui-test.app"; sourceTree = BUILT_PRODUCTS_DIR; };
		EBADC4C2285A028300D99984 /* swiftui_testApp.swift */ = {isa = PBXFileReference; lastKnownFileType = sourcecode.swift; path = swiftui_testApp.swift; sourceTree = "<group>"; };
		EBADC4C4285A028300D99984 /* Content.swift */ = {isa = PBXFileReference; lastKnownFileType = sourcecode.swift; path = Content.swift; sourceTree = "<group>"; };
		EBADC4C6285A028500D99984 /* Assets.xcassets */ = {isa = PBXFileReference; lastKnownFileType = folder.assetcatalog; path = Assets.xcassets; sourceTree = "<group>"; };
		EBADC4C9285A028500D99984 /* Preview Assets.xcassets */ = {isa = PBXFileReference; lastKnownFileType = folder.assetcatalog; path = "Preview Assets.xcassets"; sourceTree = "<group>"; };
		EBADC4CF285A028600D99984 /* swiftui-testTests.xctest */ = {isa = PBXFileReference; explicitFileType = wrapper.cfbundle; includeInIndex = 0; path = "swiftui-testTests.xctest"; sourceTree = BUILT_PRODUCTS_DIR; };
		EBADC4D3285A028600D99984 /* swiftui_testTests.swift */ = {isa = PBXFileReference; lastKnownFileType = sourcecode.swift; path = swiftui_testTests.swift; sourceTree = "<group>"; };
		EBADC4D9285A028600D99984 /* swiftui-testUITests.xctest */ = {isa = PBXFileReference; explicitFileType = wrapper.cfbundle; includeInIndex = 0; path = "swiftui-testUITests.xctest"; sourceTree = BUILT_PRODUCTS_DIR; };
		EBADC4DD285A028600D99984 /* swiftui_testUITests.swift */ = {isa = PBXFileReference; lastKnownFileType = sourcecode.swift; path = swiftui_testUITests.swift; sourceTree = "<group>"; };
		EBADC4DF285A028600D99984 /* swiftui_testUITestsLaunchTests.swift */ = {isa = PBXFileReference; lastKnownFileType = sourcecode.swift; path = swiftui_testUITestsLaunchTests.swift; sourceTree = "<group>"; };
		EBADC4EE285A0B4B00D99984 /* Card.swift */ = {isa = PBXFileReference; lastKnownFileType = sourcecode.swift; path = Card.swift; sourceTree = "<group>"; };
		EBADC4F2285A0C3A00D99984 /* Mirror.swift */ = {isa = PBXFileReference; lastKnownFileType = sourcecode.swift; path = Mirror.swift; sourceTree = "<group>"; };
		EBADC4F6285A0F3300D99984 /* Entry.swift */ = {isa = PBXFileReference; lastKnownFileType = sourcecode.swift; path = Entry.swift; sourceTree = "<group>"; };
/* End PBXFileReference section */

/* Begin PBXFrameworksBuildPhase section */
		EBADC4BC285A028300D99984 /* Frameworks */ = {
			isa = PBXFrameworksBuildPhase;
			buildActionMask = 2147483647;
			files = (
			);
			runOnlyForDeploymentPostprocessing = 0;
		};
		EBADC4CC285A028600D99984 /* Frameworks */ = {
			isa = PBXFrameworksBuildPhase;
			buildActionMask = 2147483647;
			files = (
			);
			runOnlyForDeploymentPostprocessing = 0;
		};
		EBADC4D6285A028600D99984 /* Frameworks */ = {
			isa = PBXFrameworksBuildPhase;
			buildActionMask = 2147483647;
			files = (
			);
			runOnlyForDeploymentPostprocessing = 0;
		};
/* End PBXFrameworksBuildPhase section */

/* Begin PBXGroup section */
		EBADC4B6285A028300D99984 = {
			isa = PBXGroup;
			children = (
				EBADC4C1285A028300D99984 /* swiftui-test */,
				EBADC4D2285A028600D99984 /* swiftui-testTests */,
				EBADC4DC285A028600D99984 /* swiftui-testUITests */,
				EBADC4C0285A028300D99984 /* Products */,
			);
			sourceTree = "<group>";
		};
		EBADC4C0285A028300D99984 /* Products */ = {
			isa = PBXGroup;
			children = (
				EBADC4BF285A028300D99984 /* swiftui-test.app */,
				EBADC4CF285A028600D99984 /* swiftui-testTests.xctest */,
				EBADC4D9285A028600D99984 /* swiftui-testUITests.xctest */,
			);
			name = Products;
			sourceTree = "<group>";
		};
		EBADC4C1285A028300D99984 /* swiftui-test */ = {
			isa = PBXGroup;
			children = (
				EBADC4C2285A028300D99984 /* swiftui_testApp.swift */,
				EBADC4F6285A0F3300D99984 /* Entry.swift */,
				EBADC4C4285A028300D99984 /* Content.swift */,
				EBADC4EE285A0B4B00D99984 /* Card.swift */,
				EBADC4F2285A0C3A00D99984 /* Mirror.swift */,
				EBADC4C6285A028500D99984 /* Assets.xcassets */,
				EBADC4C8285A028500D99984 /* Preview Content */,
			);
			path = "swiftui-test";
			sourceTree = "<group>";
		};
		EBADC4C8285A028500D99984 /* Preview Content */ = {
			isa = PBXGroup;
			children = (
				EBADC4C9285A028500D99984 /* Preview Assets.xcassets */,
			);
			path = "Preview Content";
			sourceTree = "<group>";
		};
		EBADC4D2285A028600D99984 /* swiftui-testTests */ = {
			isa = PBXGroup;
			children = (
				EBADC4D3285A028600D99984 /* swiftui_testTests.swift */,
			);
			path = "swiftui-testTests";
			sourceTree = "<group>";
		};
		EBADC4DC285A028600D99984 /* swiftui-testUITests */ = {
			isa = PBXGroup;
			children = (
				EBADC4DD285A028600D99984 /* swiftui_testUITests.swift */,
				EBADC4DF285A028600D99984 /* swiftui_testUITestsLaunchTests.swift */,
			);
			path = "swiftui-testUITests";
			sourceTree = "<group>";
		};
/* End PBXGroup section */

/* Begin PBXNativeTarget section */
		EBADC4BE285A028300D99984 /* swiftui-test */ = {
			isa = PBXNativeTarget;
			buildConfigurationList = EBADC4E3285A028600D99984 /* Build configuration list for PBXNativeTarget "swiftui-test" */;
			buildPhases = (
				EBADC4BB285A028300D99984 /* Sources */,
				EBADC4BC285A028300D99984 /* Frameworks */,
				EBADC4BD285A028300D99984 /* Resources */,
			);
			buildRules = (
			);
			dependencies = (
			);
			name = "swiftui-test";
			productName = "swiftui-test";
			productReference = EBADC4BF285A028300D99984 /* swiftui-test.app */;
			productType = "com.apple.product-type.application";
		};
		EBADC4CE285A028600D99984 /* swiftui-testTests */ = {
			isa = PBXNativeTarget;
			buildConfigurationList = EBADC4E6285A028600D99984 /* Build configuration list for PBXNativeTarget "swiftui-testTests" */;
			buildPhases = (
				EBADC4CB285A028600D99984 /* Sources */,
				EBADC4CC285A028600D99984 /* Frameworks */,
				EBADC4CD285A028600D99984 /* Resources */,
			);
			buildRules = (
			);
			dependencies = (
				EBADC4D1285A028600D99984 /* PBXTargetDependency */,
			);
			name = "swiftui-testTests";
			productName = "swiftui-testTests";
			productReference = EBADC4CF285A028600D99984 /* swiftui-testTests.xctest */;
			productType = "com.apple.product-type.bundle.unit-test";
		};
		EBADC4D8285A028600D99984 /* swiftui-testUITests */ = {
			isa = PBXNativeTarget;
			buildConfigurationList = EBADC4E9285A028600D99984 /* Build configuration list for PBXNativeTarget "swiftui-testUITests" */;
			buildPhases = (
				EBADC4D5285A028600D99984 /* Sources */,
				EBADC4D6285A028600D99984 /* Frameworks */,
				EBADC4D7285A028600D99984 /* Resources */,
			);
			buildRules = (
			);
			dependencies = (
				EBADC4DB285A028600D99984 /* PBXTargetDependency */,
			);
			name = "swiftui-testUITests";
			productName = "swiftui-testUITests";
			productReference = EBADC4D9285A028600D99984 /* swiftui-testUITests.xctest */;
			productType = "com.apple.product-type.bundle.ui-testing";
		};
/* End PBXNativeTarget section */

/* Begin PBXProject section */
		EBADC4B7285A028300D99984 /* Project object */ = {
			isa = PBXProject;
			attributes = {
				BuildIndependentTargetsInParallel = 1;
				LastSwiftUpdateCheck = 1340;
				LastUpgradeCheck = 1340;
				TargetAttributes = {
					EBADC4BE285A028300D99984 = {
						CreatedOnToolsVersion = 13.4.1;
					};
					EBADC4CE285A028600D99984 = {
						CreatedOnToolsVersion = 13.4.1;
						TestTargetID = EBADC4BE285A028300D99984;
					};
					EBADC4D8285A028600D99984 = {
						CreatedOnToolsVersion = 13.4.1;
						TestTargetID = EBADC4BE285A028300D99984;
					};
				};
			};
			buildConfigurationList = EBADC4BA285A028300D99984 /* Build configuration list for PBXProject "swiftui-test" */;
			compatibilityVersion = "Xcode 13.0";
			developmentRegion = en;
			hasScannedForEncodings = 0;
			knownRegions = (
				en,
				Base,
			);
			mainGroup = EBADC4B6285A028300D99984;
			productRefGroup = EBADC4C0285A028300D99984 /* Products */;
			projectDirPath = "";
			projectRoot = "";
			targets = (
				EBADC4BE285A028300D99984 /* swiftui-test */,
				EBADC4CE285A028600D99984 /* swiftui-testTests */,
				EBADC4D8285A028600D99984 /* swiftui-testUITests */,
			);
		};
/* End PBXProject section */

/* Begin PBXResourcesBuildPhase section */
		EBADC4BD285A028300D99984 /* Resources */ = {
			isa = PBXResourcesBuildPhase;
			buildActionMask = 2147483647;
			files = (
				EBADC4CA285A028500D99984 /* Preview Assets.xcassets in Resources */,
				EBADC4C7285A028500D99984 /* Assets.xcassets in Resources */,
			);
			runOnlyForDeploymentPostprocessing = 0;
		};
		EBADC4CD285A028600D99984 /* Resources */ = {
			isa = PBXResourcesBuildPhase;
			buildActionMask = 2147483647;
			files = (
			);
			runOnlyForDeploymentPostprocessing = 0;
		};
		EBADC4D7285A028600D99984 /* Resources */ = {
			isa = PBXResourcesBuildPhase;
			buildActionMask = 2147483647;
			files = (
			);
			runOnlyForDeploymentPostprocessing = 0;
		};
/* End PBXResourcesBuildPhase section */

/* Begin PBXSourcesBuildPhase section */
		EBADC4BB285A028300D99984 /* Sources */ = {
			isa = PBXSourcesBuildPhase;
			buildActionMask = 2147483647;
			files = (
				EBADC4F7285A0F3300D99984 /* Entry.swift in Sources */,
				EBADC4F3285A0C3A00D99984 /* Mirror.swift in Sources */,
				EBADC4C5285A028300D99984 /* Content.swift in Sources */,
				EBADC4C3285A028300D99984 /* swiftui_testApp.swift in Sources */,
				EBADC4EF285A0B4B00D99984 /* Card.swift in Sources */,
			);
			runOnlyForDeploymentPostprocessing = 0;
		};
		EBADC4CB285A028600D99984 /* Sources */ = {
			isa = PBXSourcesBuildPhase;
			buildActionMask = 2147483647;
			files = (
				EBADC4D4285A028600D99984 /* swiftui_testTests.swift in Sources */,
			);
			runOnlyForDeploymentPostprocessing = 0;
		};
		EBADC4D5285A028600D99984 /* Sources */ = {
			isa = PBXSourcesBuildPhase;
			buildActionMask = 2147483647;
			files = (
				EBADC4E0285A028600D99984 /* swiftui_testUITestsLaunchTests.swift in Sources */,
				EBADC4DE285A028600D99984 /* swiftui_testUITests.swift in Sources */,
			);
			runOnlyForDeploymentPostprocessing = 0;
		};
/* End PBXSourcesBuildPhase section */

/* Begin PBXTargetDependency section */
		EBADC4D1285A028600D99984 /* PBXTargetDependency */ = {
			isa = PBXTargetDependency;
			target = EBADC4BE285A028300D99984 /* swiftui-test */;
			targetProxy = EBADC4D0285A028600D99984 /* PBXContainerItemProxy */;
		};
		EBADC4DB285A028600D99984 /* PBXTargetDependency */ = {
			isa = PBXTargetDependency;
			target = EBADC4BE285A028300D99984 /* swiftui-test */;
			targetProxy = EBADC4DA285A028600D99984 /* PBXContainerItemProxy */;
		};
/* End PBXTargetDependency section */

/* Begin XCBuildConfiguration section */
		EBADC4E1285A028600D99984 /* Debug */ = {
			isa = XCBuildConfiguration;
			buildSettings = {
				ALWAYS_SEARCH_USER_PATHS = NO;
				CLANG_ANALYZER_NONNULL = YES;
				CLANG_ANALYZER_NUMBER_OBJECT_CONVERSION = YES_AGGRESSIVE;
				CLANG_CXX_LANGUAGE_STANDARD = "gnu++17";
				CLANG_ENABLE_MODULES = YES;
				CLANG_ENABLE_OBJC_ARC = YES;
				CLANG_ENABLE_OBJC_WEAK = YES;
				CLANG_WARN_BLOCK_CAPTURE_AUTORELEASING = YES;
				CLANG_WARN_BOOL_CONVERSION = YES;
				CLANG_WARN_COMMA = YES;
				CLANG_WARN_CONSTANT_CONVERSION = YES;
				CLANG_WARN_DEPRECATED_OBJC_IMPLEMENTATIONS = YES;
				CLANG_WARN_DIRECT_OBJC_ISA_USAGE = YES_ERROR;
				CLANG_WARN_DOCUMENTATION_COMMENTS = YES;
				CLANG_WARN_EMPTY_BODY = YES;
				CLANG_WARN_ENUM_CONVERSION = YES;
				CLANG_WARN_INFINITE_RECURSION = YES;
				CLANG_WARN_INT_CONVERSION = YES;
				CLANG_WARN_NON_LITERAL_NULL_CONVERSION = YES;
				CLANG_WARN_OBJC_IMPLICIT_RETAIN_SELF = YES;
				CLANG_WARN_OBJC_LITERAL_CONVERSION = YES;
				CLANG_WARN_OBJC_ROOT_CLASS = YES_ERROR;
				CLANG_WARN_QUOTED_INCLUDE_IN_FRAMEWORK_HEADER = YES;
				CLANG_WARN_RANGE_LOOP_ANALYSIS = YES;
				CLANG_WARN_STRICT_PROTOTYPES = YES;
				CLANG_WARN_SUSPICIOUS_MOVE = YES;
				CLANG_WARN_UNGUARDED_AVAILABILITY = YES_AGGRESSIVE;
				CLANG_WARN_UNREACHABLE_CODE = YES;
				CLANG_WARN__DUPLICATE_METHOD_MATCH = YES;
				COPY_PHASE_STRIP = NO;
				DEBUG_INFORMATION_FORMAT = dwarf;
				ENABLE_STRICT_OBJC_MSGSEND = YES;
				ENABLE_TESTABILITY = YES;
				GCC_C_LANGUAGE_STANDARD = gnu11;
				GCC_DYNAMIC_NO_PIC = NO;
				GCC_NO_COMMON_BLOCKS = YES;
				GCC_OPTIMIZATION_LEVEL = 0;
				GCC_PREPROCESSOR_DEFINITIONS = (
					"DEBUG=1",
					"$(inherited)",
				);
				GCC_WARN_64_TO_32_BIT_CONVERSION = YES;
				GCC_WARN_ABOUT_RETURN_TYPE = YES_ERROR;
				GCC_WARN_UNDECLARED_SELECTOR = YES;
				GCC_WARN_UNINITIALIZED_AUTOS = YES_AGGRESSIVE;
				GCC_WARN_UNUSED_FUNCTION = YES;
				GCC_WARN_UNUSED_VARIABLE = YES;
				IPHONEOS_DEPLOYMENT_TARGET = 15.5;
				MTL_ENABLE_DEBUG_INFO = INCLUDE_SOURCE;
				MTL_FAST_MATH = YES;
				ONLY_ACTIVE_ARCH = YES;
				SDKROOT = iphoneos;
				SWIFT_ACTIVE_COMPILATION_CONDITIONS = DEBUG;
				SWIFT_OPTIMIZATION_LEVEL = "-Onone";
			};
			name = Debug;
		};
		EBADC4E2285A028600D99984 /* Release */ = {
			isa = XCBuildConfiguration;
			buildSettings = {
				ALWAYS_SEARCH_USER_PATHS = NO;
				CLANG_ANALYZER_NONNULL = YES;
				CLANG_ANALYZER_NUMBER_OBJECT_CONVERSION = YES_AGGRESSIVE;
				CLANG_CXX_LANGUAGE_STANDARD = "gnu++17";
				CLANG_ENABLE_MODULES = YES;
				CLANG_ENABLE_OBJC_ARC = YES;
				CLANG_ENABLE_OBJC_WEAK = YES;
				CLANG_WARN_BLOCK_CAPTURE_AUTORELEASING = YES;
				CLANG_WARN_BOOL_CONVERSION = YES;
				CLANG_WARN_COMMA = YES;
				CLANG_WARN_CONSTANT_CONVERSION = YES;
				CLANG_WARN_DEPRECATED_OBJC_IMPLEMENTATIONS = YES;
				CLANG_WARN_DIRECT_OBJC_ISA_USAGE = YES_ERROR;
				CLANG_WARN_DOCUMENTATION_COMMENTS = YES;
				CLANG_WARN_EMPTY_BODY = YES;
				CLANG_WARN_ENUM_CONVERSION = YES;
				CLANG_WARN_INFINITE_RECURSION = YES;
				CLANG_WARN_INT_CONVERSION = YES;
				CLANG_WARN_NON_LITERAL_NULL_CONVERSION = YES;
				CLANG_WARN_OBJC_IMPLICIT_RETAIN_SELF = YES;
				CLANG_WARN_OBJC_LITERAL_CONVERSION = YES;
				CLANG_WARN_OBJC_ROOT_CLASS = YES_ERROR;
				CLANG_WARN_QUOTED_INCLUDE_IN_FRAMEWORK_HEADER = YES;
				CLANG_WARN_RANGE_LOOP_ANALYSIS = YES;
				CLANG_WARN_STRICT_PROTOTYPES = YES;
				CLANG_WARN_SUSPICIOUS_MOVE = YES;
				CLANG_WARN_UNGUARDED_AVAILABILITY = YES_AGGRESSIVE;
				CLANG_WARN_UNREACHABLE_CODE = YES;
				CLANG_WARN__DUPLICATE_METHOD_MATCH = YES;
				COPY_PHASE_STRIP = NO;
				DEBUG_INFORMATION_FORMAT = "dwarf-with-dsym";
				ENABLE_NS_ASSERTIONS = NO;
				ENABLE_STRICT_OBJC_MSGSEND = YES;
				GCC_C_LANGUAGE_STANDARD = gnu11;
				GCC_NO_COMMON_BLOCKS = YES;
				GCC_WARN_64_TO_32_BIT_CONVERSION = YES;
				GCC_WARN_ABOUT_RETURN_TYPE = YES_ERROR;
				GCC_WARN_UNDECLARED_SELECTOR = YES;
				GCC_WARN_UNINITIALIZED_AUTOS = YES_AGGRESSIVE;
				GCC_WARN_UNUSED_FUNCTION = YES;
				GCC_WARN_UNUSED_VARIABLE = YES;
				IPHONEOS_DEPLOYMENT_TARGET = 15.5;
				MTL_ENABLE_DEBUG_INFO = NO;
				MTL_FAST_MATH = YES;
				SDKROOT = iphoneos;
				SWIFT_COMPILATION_MODE = wholemodule;
				SWIFT_OPTIMIZATION_LEVEL = "-O";
				VALIDATE_PRODUCT = YES;
			};
			name = Release;
		};
		EBADC4E4285A028600D99984 /* Debug */ = {
			isa = XCBuildConfiguration;
			buildSettings = {
				ASSETCATALOG_COMPILER_APPICON_NAME = AppIcon;
				ASSETCATALOG_COMPILER_GLOBAL_ACCENT_COLOR_NAME = AccentColor;
				CODE_SIGN_STYLE = Automatic;
				CURRENT_PROJECT_VERSION = 1;
				DEVELOPMENT_ASSET_PATHS = "\"swiftui-test/Preview Content\"";
				DEVELOPMENT_TEAM = 62ZCD7K7Z5;
				ENABLE_PREVIEWS = YES;
				GENERATE_INFOPLIST_FILE = YES;
				INFOPLIST_KEY_UIApplicationSceneManifest_Generation = YES;
				INFOPLIST_KEY_UIApplicationSupportsIndirectInputEvents = YES;
				INFOPLIST_KEY_UILaunchScreen_Generation = YES;
				INFOPLIST_KEY_UISupportedInterfaceOrientations_iPad = "UIInterfaceOrientationPortrait UIInterfaceOrientationPortraitUpsideDown UIInterfaceOrientationLandscapeLeft UIInterfaceOrientationLandscapeRight";
				INFOPLIST_KEY_UISupportedInterfaceOrientations_iPhone = "UIInterfaceOrientationPortrait UIInterfaceOrientationLandscapeLeft UIInterfaceOrientationLandscapeRight";
				LD_RUNPATH_SEARCH_PATHS = (
					"$(inherited)",
					"@executable_path/Frameworks",
				);
				MARKETING_VERSION = 1.0;
				PRODUCT_BUNDLE_IDENTIFIER = "com.emilien.swiftui-test";
				PRODUCT_NAME = "$(TARGET_NAME)";
				SWIFT_EMIT_LOC_STRINGS = YES;
				SWIFT_VERSION = 5.0;
				TARGETED_DEVICE_FAMILY = "1,2";
			};
			name = Debug;
		};
		EBADC4E5285A028600D99984 /* Release */ = {
			isa = XCBuildConfiguration;
			buildSettings = {
				ASSETCATALOG_COMPILER_APPICON_NAME = AppIcon;
				ASSETCATALOG_COMPILER_GLOBAL_ACCENT_COLOR_NAME = AccentColor;
				CODE_SIGN_STYLE = Automatic;
				CURRENT_PROJECT_VERSION = 1;
				DEVELOPMENT_ASSET_PATHS = "\"swiftui-test/Preview Content\"";
				DEVELOPMENT_TEAM = 62ZCD7K7Z5;
				ENABLE_PREVIEWS = YES;
				GENERATE_INFOPLIST_FILE = YES;
				INFOPLIST_KEY_UIApplicationSceneManifest_Generation = YES;
				INFOPLIST_KEY_UIApplicationSupportsIndirectInputEvents = YES;
				INFOPLIST_KEY_UILaunchScreen_Generation = YES;
				INFOPLIST_KEY_UISupportedInterfaceOrientations_iPad = "UIInterfaceOrientationPortrait UIInterfaceOrientationPortraitUpsideDown UIInterfaceOrientationLandscapeLeft UIInterfaceOrientationLandscapeRight";
				INFOPLIST_KEY_UISupportedInterfaceOrientations_iPhone = "UIInterfaceOrientationPortrait UIInterfaceOrientationLandscapeLeft UIInterfaceOrientationLandscapeRight";
				LD_RUNPATH_SEARCH_PATHS = (
					"$(inherited)",
					"@executable_path/Frameworks",
				);
				MARKETING_VERSION = 1.0;
				PRODUCT_BUNDLE_IDENTIFIER = "com.emilien.swiftui-test";
				PRODUCT_NAME = "$(TARGET_NAME)";
				SWIFT_EMIT_LOC_STRINGS = YES;
				SWIFT_VERSION = 5.0;
				TARGETED_DEVICE_FAMILY = "1,2";
			};
			name = Release;
		};
		EBADC4E7285A028600D99984 /* Debug */ = {
			isa = XCBuildConfiguration;
			buildSettings = {
				ALWAYS_EMBED_SWIFT_STANDARD_LIBRARIES = YES;
				BUNDLE_LOADER = "$(TEST_HOST)";
				CODE_SIGN_STYLE = Automatic;
				CURRENT_PROJECT_VERSION = 1;
				DEVELOPMENT_TEAM = 62ZCD7K7Z5;
				GENERATE_INFOPLIST_FILE = YES;
				IPHONEOS_DEPLOYMENT_TARGET = 15.5;
				MARKETING_VERSION = 1.0;
				PRODUCT_BUNDLE_IDENTIFIER = "com.emilien.swiftui-testTests";
				PRODUCT_NAME = "$(TARGET_NAME)";
				SWIFT_EMIT_LOC_STRINGS = NO;
				SWIFT_VERSION = 5.0;
				TARGETED_DEVICE_FAMILY = "1,2";
				TEST_HOST = "$(BUILT_PRODUCTS_DIR)/swiftui-test.app/swiftui-test";
			};
			name = Debug;
		};
		EBADC4E8285A028600D99984 /* Release */ = {
			isa = XCBuildConfiguration;
			buildSettings = {
				ALWAYS_EMBED_SWIFT_STANDARD_LIBRARIES = YES;
				BUNDLE_LOADER = "$(TEST_HOST)";
				CODE_SIGN_STYLE = Automatic;
				CURRENT_PROJECT_VERSION = 1;
				DEVELOPMENT_TEAM = 62ZCD7K7Z5;
				GENERATE_INFOPLIST_FILE = YES;
				IPHONEOS_DEPLOYMENT_TARGET = 15.5;
				MARKETING_VERSION = 1.0;
				PRODUCT_BUNDLE_IDENTIFIER = "com.emilien.swiftui-testTests";
				PRODUCT_NAME = "$(TARGET_NAME)";
				SWIFT_EMIT_LOC_STRINGS = NO;
				SWIFT_VERSION = 5.0;
				TARGETED_DEVICE_FAMILY = "1,2";
				TEST_HOST = "$(BUILT_PRODUCTS_DIR)/swiftui-test.app/swiftui-test";
			};
			name = Release;
		};
		EBADC4EA285A028600D99984 /* Debug */ = {
			isa = XCBuildConfiguration;
			buildSettings = {
				ALWAYS_EMBED_SWIFT_STANDARD_LIBRARIES = YES;
				CODE_SIGN_STYLE = Automatic;
				CURRENT_PROJECT_VERSION = 1;
				DEVELOPMENT_TEAM = 62ZCD7K7Z5;
				GENERATE_INFOPLIST_FILE = YES;
				MARKETING_VERSION = 1.0;
				PRODUCT_BUNDLE_IDENTIFIER = "com.emilien.swiftui-testUITests";
				PRODUCT_NAME = "$(TARGET_NAME)";
				SWIFT_EMIT_LOC_STRINGS = NO;
				SWIFT_VERSION = 5.0;
				TARGETED_DEVICE_FAMILY = "1,2";
				TEST_TARGET_NAME = "swiftui-test";
			};
			name = Debug;
		};
		EBADC4EB285A028600D99984 /* Release */ = {
			isa = XCBuildConfiguration;
			buildSettings = {
				ALWAYS_EMBED_SWIFT_STANDARD_LIBRARIES = YES;
				CODE_SIGN_STYLE = Automatic;
				CURRENT_PROJECT_VERSION = 1;
				DEVELOPMENT_TEAM = 62ZCD7K7Z5;
				GENERATE_INFOPLIST_FILE = YES;
				MARKETING_VERSION = 1.0;
				PRODUCT_BUNDLE_IDENTIFIER = "com.emilien.swiftui-testUITests";
				PRODUCT_NAME = "$(TARGET_NAME)";
				SWIFT_EMIT_LOC_STRINGS = NO;
				SWIFT_VERSION = 5.0;
				TARGETED_DEVICE_FAMILY = "1,2";
				TEST_TARGET_NAME = "swiftui-test";
			};
			name = Release;
		};
/* End XCBuildConfiguration section */

/* Begin XCConfigurationList section */
		EBADC4BA285A028300D99984 /* Build configuration list for PBXProject "swiftui-test" */ = {
			isa = XCConfigurationList;
			buildConfigurations = (
				EBADC4E1285A028600D99984 /* Debug */,
				EBADC4E2285A028600D99984 /* Release */,
			);
			defaultConfigurationIsVisible = 0;
			defaultConfigurationName = Release;
		};
		EBADC4E3285A028600D99984 /* Build configuration list for PBXNativeTarget "swiftui-test" */ = {
			isa = XCConfigurationList;
			buildConfigurations = (
				EBADC4E4285A028600D99984 /* Debug */,
				EBADC4E5285A028600D99984 /* Release */,
			);
			defaultConfigurationIsVisible = 0;
			defaultConfigurationName = Release;
		};
		EBADC4E6285A028600D99984 /* Build configuration list for PBXNativeTarget "swiftui-testTests" */ = {
			isa = XCConfigurationList;
			buildConfigurations = (
				EBADC4E7285A028600D99984 /* Debug */,
				EBADC4E8285A028600D99984 /* Release */,
			);
			defaultConfigurationIsVisible = 0;
			defaultConfigurationName = Release;
		};
		EBADC4E9285A028600D99984 /* Build configuration list for PBXNativeTarget "swiftui-testUITests" */ = {
			isa = XCConfigurationList;
			buildConfigurations = (
				EBADC4EA285A028600D99984 /* Debug */,
				EBADC4EB285A028600D99984 /* Release */,
			);
			defaultConfigurationIsVisible = 0;
			defaultConfigurationName = Release;
		};
/* End XCConfigurationList section */
	};
	rootObject = EBADC4B7285A028300D99984 /* Project object */;
}
